
Microsoft Visual Studio Solution File, Format Version 12.00
# Visual Studio Version 17
VisualStudioVersion = 17.2.32616.157
MinimumVisualStudioVersion = 10.0.40219.1
Project("{8BC9CEB8-8B4A-11D0-8D11-00A0C91BC942}") = "Snake", "Snake\Snake.vcxproj", "{EA7BC019-4B67-477B-B31E-2F72B74FFF77}"
EndProject
Project("{8BC9CEB8-8B4A-11D0-8D11-00A0C91BC942}") = "LEDA", "LEDA\LEDA.vcxproj", "{E1F039F4-BA74-4FDD-9F78-E1F0E1798A73}"
EndProject
Project("{8BC9CEB8-8B4A-11D0-8D11-00A0C91BC942}") = "Pong", "Pong\Pong.vcxproj", "{97840444-51A0-4AD1-933B-D6E52D3EE380}"
EndProject
Global
	GlobalSection(SolutionConfigurationPlatforms) = preSolution
		Debug|x64 = Debug|x64
		Debug|x86 = Debug|x86
		Release|x64 = Release|x64
		Release|x86 = Release|x86
	EndGlobalSection
	GlobalSection(ProjectConfigurationPlatforms) = postSolution
		{EA7BC019-4B67-477B-B31E-2F72B74FFF77}.Debug|x64.ActiveCfg = Debug|x64
		{EA7BC019-4B67-477B-B31E-2F72B74FFF77}.Debug|x64.Build.0 = Debug|x64
		{EA7BC019-4B67-477B-B31E-2F72B74FFF77}.Debug|x86.ActiveCfg = Debug|Win32
		{EA7BC019-4B67-477B-B31E-2F72B74FFF77}.Debug|x86.Build.0 = Debug|Win32
		{EA7BC019-4B67-477B-B31E-2F72B74FFF77}.Release|x64.ActiveCfg = Release|x64
		{EA7BC019-4B67-477B-B31E-2F72B74FFF77}.Release|x64.Build.0 = Release|x64
		{EA7BC019-4B67-477B-B31E-2F72B74FFF77}.Release|x86.ActiveCfg = Release|Win32
		{EA7BC019-4B67-477B-B31E-2F72B74FFF77}.Release|x86.Build.0 = Release|Win32
		{E1F039F4-BA74-4FDD-9F78-E1F0E1798A73}.Debug|x64.ActiveCfg = Debug|x64
		{E1F039F4-BA74-4FDD-9F78-E1F0E1798A73}.Debug|x64.Build.0 = Debug|x64
		{E1F039F4-BA74-4FDD-9F78-E1F0E1798A73}.Debug|x86.ActiveCfg = Debug|Win32
		{E1F039F4-BA74-4FDD-9F78-E1F0E1798A73}.Debug|x86.Build.0 = Debug|Win32
		{E1F039F4-BA74-4FDD-9F78-E1F0E1798A73}.Release|x64.ActiveCfg = Release|x64
		{E1F039F4-BA74-4FDD-9F78-E1F0E1798A73}.Release|x64.Build.0 = Release|x64
		{E1F039F4-BA74-4FDD-9F78-E1F0E1798A73}.Release|x86.ActiveCfg = Release|Win32
		{E1F039F4-BA74-4FDD-9F78-E1F0E1798A73}.Release|x86.Build.0 = Release|Win32
		{97840444-51A0-4AD1-933B-D6E52D3EE380}.Debug|x64.ActiveCfg = Debug|x64
		{97840444-51A0-4AD1-933B-D6E52D3EE380}.Debug|x64.Build.0 = Debug|x64
		{97840444-51A0-4AD1-933B-D6E52D3EE380}.Debug|x86.ActiveCfg = Debug|Win32
		{97840444-51A0-4AD1-933B-D6E52D3EE380}.Debug|x86.Build.0 = Debug|Win32
		{97840444-51A0-4AD1-933B-D6E52D3EE380}.Release|x64.ActiveCfg = Release|x64
		{97840444-51A0-4AD1-933B-D6E52D3EE380}.Release|x64.Build.0 = Release|x64
		{97840444-51A0-4AD1-933B-D6E52D3EE380}.Release|x86.ActiveCfg = Release|Win32
		{97840444-51A0-4AD1-933B-D6E52D3EE380}.Release|x86.Build.0 = Release|Win32
	EndGlobalSection
	GlobalSection(SolutionProperties) = preSolution
		HideSolutionNode = FALSE
	EndGlobalSection
	GlobalSection(ExtensibilityGlobals) = postSolution
		SolutionGuid = {24B39A2D-98D9-4BB2-A4D9-E751D4D808F9}
	EndGlobalSection
EndGlobal
